
Microsoft Visual Studio Solution File, Format Version 12.00
# Visual Studio Version 16
VisualStudioVersion = 16.0.29728.190
MinimumVisualStudioVersion = 10.0.40219.1
Project("{FAE04EC0-301F-11D3-BF4B-00C04F79EFBC}") = "WebApplication5", "WebApplication5.csproj", "{602A64BC-8BF6-4F07-A71A-AE89EA3A867F}"
EndProject
Global
	GlobalSection(SolutionConfigurationPlatforms) = preSolution
		Debug|Any CPU = Debug|Any CPU
		Release|Any CPU = Release|Any CPU
	EndGlobalSection
	GlobalSection(ProjectConfigurationPlatforms) = postSolution
		{602A64BC-8BF6-4F07-A71A-AE89EA3A867F}.Debug|Any CPU.ActiveCfg = Debug|Any CPU
		{602A64BC-8BF6-4F07-A71A-AE89EA3A867F}.Debug|Any CPU.Build.0 = Debug|Any CPU
		{602A64BC-8BF6-4F07-A71A-AE89EA3A867F}.Release|Any CPU.ActiveCfg = Release|Any CPU
		{602A64BC-8BF6-4F07-A71A-AE89EA3A867F}.Release|Any CPU.Build.0 = Release|Any CPU
	EndGlobalSection
	GlobalSection(SolutionProperties) = preSolution
		HideSolutionNode = FALSE
	EndGlobalSection
	GlobalSection(ExtensibilityGlobals) = postSolution
		SolutionGuid = {AFC9DE4C-0225-40D9-8D2F-B6BBB901E3B4}
	EndGlobalSection
EndGlobal
